
Microsoft Visual Studio Solution File, Format Version 12.00
# Visual Studio 2012
Project("{FAE04EC0-301F-11D3-BF4B-00C04F79EFBC}") = "Entidades", "Entidades\Entidades.csproj", "{EB989223-F0DD-4FD7-8F66-096FD8FBBDC0}"
EndProject
Project("{FAE04EC0-301F-11D3-BF4B-00C04F79EFBC}") = "MiCalculadora", "MiCalculadora\MiCalculadora.csproj", "{FB2C33BF-C77E-4386-A260-082EBB993BEB}"
EndProject
Global
	GlobalSection(SolutionConfigurationPlatforms) = preSolution
		Debug|Any CPU = Debug|Any CPU
		Release|Any CPU = Release|Any CPU
	EndGlobalSection
	GlobalSection(ProjectConfigurationPlatforms) = postSolution
		{EB989223-F0DD-4FD7-8F66-096FD8FBBDC0}.Debug|Any CPU.ActiveCfg = Debug|Any CPU
		{EB989223-F0DD-4FD7-8F66-096FD8FBBDC0}.Debug|Any CPU.Build.0 = Debug|Any CPU
		{EB989223-F0DD-4FD7-8F66-096FD8FBBDC0}.Release|Any CPU.ActiveCfg = Release|Any CPU
		{EB989223-F0DD-4FD7-8F66-096FD8FBBDC0}.Release|Any CPU.Build.0 = Release|Any CPU
		{FB2C33BF-C77E-4386-A260-082EBB993BEB}.Debug|Any CPU.ActiveCfg = Debug|Any CPU
		{FB2C33BF-C77E-4386-A260-082EBB993BEB}.Debug|Any CPU.Build.0 = Debug|Any CPU
		{FB2C33BF-C77E-4386-A260-082EBB993BEB}.Release|Any CPU.ActiveCfg = Release|Any CPU
		{FB2C33BF-C77E-4386-A260-082EBB993BEB}.Release|Any CPU.Build.0 = Release|Any CPU
	EndGlobalSection
	GlobalSection(SolutionProperties) = preSolution
		HideSolutionNode = FALSE
	EndGlobalSection
EndGlobal
